
Microsoft Visual Studio Solution File, Format Version 12.00
# Visual Studio Version 16
VisualStudioVersion = 16.0.32002.261
MinimumVisualStudioVersion = 10.0.40219.1
Project("{FAE04EC0-301F-11D3-BF4B-00C04F79EFBC}") = "MVVM", "MVVM\MVVM.csproj", "{90173FA0-65E2-40D8-864F-D442CE15C712}"
EndProject
Global
	GlobalSection(SolutionConfigurationPlatforms) = preSolution
		Debug|Any CPU = Debug|Any CPU
		Release|Any CPU = Release|Any CPU
	EndGlobalSection
	GlobalSection(ProjectConfigurationPlatforms) = postSolution
		{90173FA0-65E2-40D8-864F-D442CE15C712}.Debug|Any CPU.ActiveCfg = Debug|Any CPU
		{90173FA0-65E2-40D8-864F-D442CE15C712}.Debug|Any CPU.Build.0 = Debug|Any CPU
		{90173FA0-65E2-40D8-864F-D442CE15C712}.Release|Any CPU.ActiveCfg = Release|Any CPU
		{90173FA0-65E2-40D8-864F-D442CE15C712}.Release|Any CPU.Build.0 = Release|Any CPU
	EndGlobalSection
	GlobalSection(SolutionProperties) = preSolution
		HideSolutionNode = FALSE
	EndGlobalSection
	GlobalSection(ExtensibilityGlobals) = postSolution
		SolutionGuid = {9E07CEDC-4F76-4646-B68D-5C9930FD943A}
	EndGlobalSection
EndGlobal
